
Microsoft Visual Studio Solution File, Format Version 12.00
Project("{FAE04EC0-301F-11D3-BF4B-00C04F79EFBC}") = "firstChallenge_simpleCalculator", "firstChallenge_simpleCalculator\firstChallenge_simpleCalculator.csproj", "{4880EA6E-9191-4E6D-B93A-09A51466AED7}"
EndProject
Global
	GlobalSection(SolutionConfigurationPlatforms) = preSolution
		Debug|Any CPU = Debug|Any CPU
		Release|Any CPU = Release|Any CPU
	EndGlobalSection
	GlobalSection(ProjectConfigurationPlatforms) = postSolution
		{4880EA6E-9191-4E6D-B93A-09A51466AED7}.Debug|Any CPU.ActiveCfg = Debug|Any CPU
		{4880EA6E-9191-4E6D-B93A-09A51466AED7}.Debug|Any CPU.Build.0 = Debug|Any CPU
		{4880EA6E-9191-4E6D-B93A-09A51466AED7}.Release|Any CPU.ActiveCfg = Release|Any CPU
		{4880EA6E-9191-4E6D-B93A-09A51466AED7}.Release|Any CPU.Build.0 = Release|Any CPU
	EndGlobalSection
EndGlobal
